// !$*UTF8*$!
{
	archiveVersion = 1;
	classes = {
	};
	objectVersion = 46;
	objects = {

/* Begin PBXBuildFile section */
		6C74E6FE1BC7309B002F58E1 /* AppDelegate.swift in Sources */ = {isa = PBXBuildFile; fileRef = 6C74E6FD1BC7309B002F58E1 /* AppDelegate.swift */; };
		6C74E7031BC7309B002F58E1 /* Main.storyboard in Resources */ = {isa = PBXBuildFile; fileRef = 6C74E7011BC7309B002F58E1 /* Main.storyboard */; };
		6C74E7051BC7309B002F58E1 /* Assets.xcassets in Resources */ = {isa = PBXBuildFile; fileRef = 6C74E7041BC7309B002F58E1 /* Assets.xcassets */; };
		6C74E7081BC7309B002F58E1 /* LaunchScreen.storyboard in Resources */ = {isa = PBXBuildFile; fileRef = 6C74E7061BC7309B002F58E1 /* LaunchScreen.storyboard */; };
		6C74E7131BC7309B002F58E1 /* PhotoramaTests.swift in Sources */ = {isa = PBXBuildFile; fileRef = 6C74E7121BC7309B002F58E1 /* PhotoramaTests.swift */; };
		6C74E71E1BC7309B002F58E1 /* PhotoramaUITests.swift in Sources */ = {isa = PBXBuildFile; fileRef = 6C74E71D1BC7309B002F58E1 /* PhotoramaUITests.swift */; };
		6C74E72C1BC730C1002F58E1 /* PhotosViewController.swift in Sources */ = {isa = PBXBuildFile; fileRef = 6C74E72B1BC730C1002F58E1 /* PhotosViewController.swift */; settings = {ASSET_TAGS = (); }; };
		6C74E72E1BC7326D002F58E1 /* FlickrAPI.swift in Sources */ = {isa = PBXBuildFile; fileRef = 6C74E72D1BC7326D002F58E1 /* FlickrAPI.swift */; settings = {ASSET_TAGS = (); }; };
		6C74E7301BC737D7002F58E1 /* PhotoStore.swift in Sources */ = {isa = PBXBuildFile; fileRef = 6C74E72F1BC737D7002F58E1 /* PhotoStore.swift */; settings = {ASSET_TAGS = (); }; };
		6C74E7321BC740FD002F58E1 /* Photo.swift in Sources */ = {isa = PBXBuildFile; fileRef = 6C74E7311BC740FD002F58E1 /* Photo.swift */; settings = {ASSET_TAGS = (); }; };
/* End PBXBuildFile section */

/* Begin PBXContainerItemProxy section */
		6C74E70F1BC7309B002F58E1 /* PBXContainerItemProxy */ = {
			isa = PBXContainerItemProxy;
			containerPortal = 6C74E6F21BC7309B002F58E1 /* Project object */;
			proxyType = 1;
			remoteGlobalIDString = 6C74E6F91BC7309B002F58E1;
			remoteInfo = Photorama;
		};
		6C74E71A1BC7309B002F58E1 /* PBXContainerItemProxy */ = {
			isa = PBXContainerItemProxy;
			containerPortal = 6C74E6F21BC7309B002F58E1 /* Project object */;
			proxyType = 1;
			remoteGlobalIDString = 6C74E6F91BC7309B002F58E1;
			remoteInfo = Photorama;
		};
/* End PBXContainerItemProxy section */

/* Begin PBXFileReference section */
		6C74E6FA1BC7309B002F58E1 /* Photorama.app */ = {isa = PBXFileReference; explicitFileType = wrapper.application; includeInIndex = 0; path = Photorama.app; sourceTree = BUILT_PRODUCTS_DIR; };
		6C74E6FD1BC7309B002F58E1 /* AppDelegate.swift */ = {isa = PBXFileReference; lastKnownFileType = sourcecode.swift; path = AppDelegate.swift; sourceTree = "<group>"; };
		6C74E7021BC7309B002F58E1 /* Base */ = {isa = PBXFileReference; lastKnownFileType = file.storyboard; name = Base; path = Base.lproj/Main.storyboard; sourceTree = "<group>"; };
		6C74E7041BC7309B002F58E1 /* Assets.xcassets */ = {isa = PBXFileReference; lastKnownFileType = folder.assetcatalog; path = Assets.xcassets; sourceTree = "<group>"; };
		6C74E7071BC7309B002F58E1 /* Base */ = {isa = PBXFileReference; lastKnownFileType = file.storyboard; name = Base; path = Base.lproj/LaunchScreen.storyboard; sourceTree = "<group>"; };
		6C74E7091BC7309B002F58E1 /* Info.plist */ = {isa = PBXFileReference; lastKnownFileType = text.plist.xml; path = Info.plist; sourceTree = "<group>"; };
		6C74E70E1BC7309B002F58E1 /* PhotoramaTests.xctest */ = {isa = PBXFileReference; explicitFileType = wrapper.cfbundle; includeInIndex = 0; path = PhotoramaTests.xctest; sourceTree = BUILT_PRODUCTS_DIR; };
		6C74E7121BC7309B002F58E1 /* PhotoramaTests.swift */ = {isa = PBXFileReference; lastKnownFileType = sourcecode.swift; path = PhotoramaTests.swift; sourceTree = "<group>"; };
		6C74E7141BC7309B002F58E1 /* Info.plist */ = {isa = PBXFileReference; lastKnownFileType = text.plist.xml; path = Info.plist; sourceTree = "<group>"; };
		6C74E7191BC7309B002F58E1 /* PhotoramaUITests.xctest */ = {isa = PBXFileReference; explicitFileType = wrapper.cfbundle; includeInIndex = 0; path = PhotoramaUITests.xctest; sourceTree = BUILT_PRODUCTS_DIR; };
		6C74E71D1BC7309B002F58E1 /* PhotoramaUITests.swift */ = {isa = PBXFileReference; lastKnownFileType = sourcecode.swift; path = PhotoramaUITests.swift; sourceTree = "<group>"; };
		6C74E71F1BC7309B002F58E1 /* Info.plist */ = {isa = PBXFileReference; lastKnownFileType = text.plist.xml; path = Info.plist; sourceTree = "<group>"; };
		6C74E72B1BC730C1002F58E1 /* PhotosViewController.swift */ = {isa = PBXFileReference; fileEncoding = 4; lastKnownFileType = sourcecode.swift; path = PhotosViewController.swift; sourceTree = "<group>"; };
		6C74E72D1BC7326D002F58E1 /* FlickrAPI.swift */ = {isa = PBXFileReference; fileEncoding = 4; lastKnownFileType = sourcecode.swift; path = FlickrAPI.swift; sourceTree = "<group>"; };
		6C74E72F1BC737D7002F58E1 /* PhotoStore.swift */ = {isa = PBXFileReference; fileEncoding = 4; lastKnownFileType = sourcecode.swift; path = PhotoStore.swift; sourceTree = "<group>"; };
		6C74E7311BC740FD002F58E1 /* Photo.swift */ = {isa = PBXFileReference; fileEncoding = 4; lastKnownFileType = sourcecode.swift; path = Photo.swift; sourceTree = "<group>"; };
/* End PBXFileReference section */

/* Begin PBXFrameworksBuildPhase section */
		6C74E6F71BC7309B002F58E1 /* Frameworks */ = {
			isa = PBXFrameworksBuildPhase;
			buildActionMask = 2147483647;
			files = (
			);
			runOnlyForDeploymentPostprocessing = 0;
		};
		6C74E70B1BC7309B002F58E1 /* Frameworks */ = {
			isa = PBXFrameworksBuildPhase;
			buildActionMask = 2147483647;
			files = (
			);
			runOnlyForDeploymentPostprocessing = 0;
		};
		6C74E7161BC7309B002F58E1 /* Frameworks */ = {
			isa = PBXFrameworksBuildPhase;
			buildActionMask = 2147483647;
			files = (
			);
			runOnlyForDeploymentPostprocessing = 0;
		};
/* End PBXFrameworksBuildPhase section */

/* Begin PBXGroup section */
		6C74E6F11BC7309B002F58E1 = {
			isa = PBXGroup;
			children = (
				6C74E6FC1BC7309B002F58E1 /* Photorama */,
				6C74E7111BC7309B002F58E1 /* PhotoramaTests */,
				6C74E71C1BC7309B002F58E1 /* PhotoramaUITests */,
				6C74E6FB1BC7309B002F58E1 /* Products */,
			);
			sourceTree = "<group>";
		};
		6C74E6FB1BC7309B002F58E1 /* Products */ = {
			isa = PBXGroup;
			children = (
				6C74E6FA1BC7309B002F58E1 /* Photorama.app */,
				6C74E70E1BC7309B002F58E1 /* PhotoramaTests.xctest */,
				6C74E7191BC7309B002F58E1 /* PhotoramaUITests.xctest */,
			);
			name = Products;
			sourceTree = "<group>";
		};
		6C74E6FC1BC7309B002F58E1 /* Photorama */ = {
			isa = PBXGroup;
			children = (
				6C74E72B1BC730C1002F58E1 /* PhotosViewController.swift */,
				6C74E6FD1BC7309B002F58E1 /* AppDelegate.swift */,
				6C74E7311BC740FD002F58E1 /* Photo.swift */,
				6C74E7011BC7309B002F58E1 /* Main.storyboard */,
				6C74E72D1BC7326D002F58E1 /* FlickrAPI.swift */,
				6C74E72F1BC737D7002F58E1 /* PhotoStore.swift */,
				6C74E7041BC7309B002F58E1 /* Assets.xcassets */,
				6C74E7061BC7309B002F58E1 /* LaunchScreen.storyboard */,
				6C74E7091BC7309B002F58E1 /* Info.plist */,
			);
			path = Photorama;
			sourceTree = "<group>";
		};
		6C74E7111BC7309B002F58E1 /* PhotoramaTests */ = {
			isa = PBXGroup;
			children = (
				6C74E7121BC7309B002F58E1 /* PhotoramaTests.swift */,
				6C74E7141BC7309B002F58E1 /* Info.plist */,
			);
			path = PhotoramaTests;
			sourceTree = "<group>";
		};
		6C74E71C1BC7309B002F58E1 /* PhotoramaUITests */ = {
			isa = PBXGroup;
			children = (
				6C74E71D1BC7309B002F58E1 /* PhotoramaUITests.swift */,
				6C74E71F1BC7309B002F58E1 /* Info.plist */,
			);
			path = PhotoramaUITests;
			sourceTree = "<group>";
		};
/* End PBXGroup section */

/* Begin PBXNativeTarget section */
		6C74E6F91BC7309B002F58E1 /* Photorama */ = {
			isa = PBXNativeTarget;
			buildConfigurationList = 6C74E7221BC7309B002F58E1 /* Build configuration list for PBXNativeTarget "Photorama" */;
			buildPhases = (
				6C74E6F61BC7309B002F58E1 /* Sources */,
				6C74E6F71BC7309B002F58E1 /* Frameworks */,
				6C74E6F81BC7309B002F58E1 /* Resources */,
			);
			buildRules = (
			);
			dependencies = (
			);
			name = Photorama;
			productName = Photorama;
			productReference = 6C74E6FA1BC7309B002F58E1 /* Photorama.app */;
			productType = "com.apple.product-type.application";
		};
		6C74E70D1BC7309B002F58E1 /* PhotoramaTests */ = {
			isa = PBXNativeTarget;
			buildConfigurationList = 6C74E7251BC7309B002F58E1 /* Build configuration list for PBXNativeTarget "PhotoramaTests" */;
			buildPhases = (
				6C74E70A1BC7309B002F58E1 /* Sources */,
				6C74E70B1BC7309B002F58E1 /* Frameworks */,
				6C74E70C1BC7309B002F58E1 /* Resources */,
			);
			buildRules = (
			);
			dependencies = (
				6C74E7101BC7309B002F58E1 /* PBXTargetDependency */,
			);
			name = PhotoramaTests;
			productName = PhotoramaTests;
			productReference = 6C74E70E1BC7309B002F58E1 /* PhotoramaTests.xctest */;
			productType = "com.apple.product-type.bundle.unit-test";
		};
		6C74E7181BC7309B002F58E1 /* PhotoramaUITests */ = {
			isa = PBXNativeTarget;
			buildConfigurationList = 6C74E7281BC7309B002F58E1 /* Build configuration list for PBXNativeTarget "PhotoramaUITests" */;
			buildPhases = (
				6C74E7151BC7309B002F58E1 /* Sources */,
				6C74E7161BC7309B002F58E1 /* Frameworks */,
				6C74E7171BC7309B002F58E1 /* Resources */,
			);
			buildRules = (
			);
			dependencies = (
				6C74E71B1BC7309B002F58E1 /* PBXTargetDependency */,
			);
			name = PhotoramaUITests;
			productName = PhotoramaUITests;
			productReference = 6C74E7191BC7309B002F58E1 /* PhotoramaUITests.xctest */;
			productType = "com.apple.product-type.bundle.ui-testing";
		};
/* End PBXNativeTarget section */

/* Begin PBXProject section */
		6C74E6F21BC7309B002F58E1 /* Project object */ = {
			isa = PBXProject;
			attributes = {
				LastUpgradeCheck = 0700;
				ORGANIZATIONNAME = "Geoff Dudgeon";
				TargetAttributes = {
					6C74E6F91BC7309B002F58E1 = {
						CreatedOnToolsVersion = 7.0.1;
					};
					6C74E70D1BC7309B002F58E1 = {
						CreatedOnToolsVersion = 7.0.1;
						TestTargetID = 6C74E6F91BC7309B002F58E1;
					};
					6C74E7181BC7309B002F58E1 = {
						CreatedOnToolsVersion = 7.0.1;
						TestTargetID = 6C74E6F91BC7309B002F58E1;
					};
				};
			};
			buildConfigurationList = 6C74E6F51BC7309B002F58E1 /* Build configuration list for PBXProject "Photorama" */;
			compatibilityVersion = "Xcode 3.2";
			developmentRegion = English;
			hasScannedForEncodings = 0;
			knownRegions = (
				en,
				Base,
			);
			mainGroup = 6C74E6F11BC7309B002F58E1;
			productRefGroup = 6C74E6FB1BC7309B002F58E1 /* Products */;
			projectDirPath = "";
			projectRoot = "";
			targets = (
				6C74E6F91BC7309B002F58E1 /* Photorama */,
				6C74E70D1BC7309B002F58E1 /* PhotoramaTests */,
				6C74E7181BC7309B002F58E1 /* PhotoramaUITests */,
			);
		};
/* End PBXProject section */

/* Begin PBXResourcesBuildPhase section */
		6C74E6F81BC7309B002F58E1 /* Resources */ = {
			isa = PBXResourcesBuildPhase;
			buildActionMask = 2147483647;
			files = (
				6C74E7081BC7309B002F58E1 /* LaunchScreen.storyboard in Resources */,
				6C74E7051BC7309B002F58E1 /* Assets.xcassets in Resources */,
				6C74E7031BC7309B002F58E1 /* Main.storyboard in Resources */,
			);
			runOnlyForDeploymentPostprocessing = 0;
		};
		6C74E70C1BC7309B002F58E1 /* Resources */ = {
			isa = PBXResourcesBuildPhase;
			buildActionMask = 2147483647;
			files = (
			);
			runOnlyForDeploymentPostprocessing = 0;
		};
		6C74E7171BC7309B002F58E1 /* Resources */ = {
			isa = PBXResourcesBuildPhase;
			buildActionMask = 2147483647;
			files = (
			);
			runOnlyForDeploymentPostprocessing = 0;
		};
/* End PBXResourcesBuildPhase section */

/* Begin PBXSourcesBuildPhase section */
		6C74E6F61BC7309B002F58E1 /* Sources */ = {
			isa = PBXSourcesBuildPhase;
			buildActionMask = 2147483647;
			files = (
				6C74E72E1BC7326D002F58E1 /* FlickrAPI.swift in Sources */,
				6C74E72C1BC730C1002F58E1 /* PhotosViewController.swift in Sources */,
				6C74E7301BC737D7002F58E1 /* PhotoStore.swift in Sources */,
				6C74E6FE1BC7309B002F58E1 /* AppDelegate.swift in Sources */,
				6C74E7321BC740FD002F58E1 /* Photo.swift in Sources */,
			);
			runOnlyForDeploymentPostprocessing = 0;
		};
		6C74E70A1BC7309B002F58E1 /* Sources */ = {
			isa = PBXSourcesBuildPhase;
			buildActionMask = 2147483647;
			files = (
				6C74E7131BC7309B002F58E1 /* PhotoramaTests.swift in Sources */,
			);
			runOnlyForDeploymentPostprocessing = 0;
		};
		6C74E7151BC7309B002F58E1 /* Sources */ = {
			isa = PBXSourcesBuildPhase;
			buildActionMask = 2147483647;
			files = (
				6C74E71E1BC7309B002F58E1 /* PhotoramaUITests.swift in Sources */,
			);
			runOnlyForDeploymentPostprocessing = 0;
		};
/* End PBXSourcesBuildPhase section */

/* Begin PBXTargetDependency section */
		6C74E7101BC7309B002F58E1 /* PBXTargetDependency */ = {
			isa = PBXTargetDependency;
			target = 6C74E6F91BC7309B002F58E1 /* Photorama */;
			targetProxy = 6C74E70F1BC7309B002F58E1 /* PBXContainerItemProxy */;
		};
		6C74E71B1BC7309B002F58E1 /* PBXTargetDependency */ = {
			isa = PBXTargetDependency;
			target = 6C74E6F91BC7309B002F58E1 /* Photorama */;
			targetProxy = 6C74E71A1BC7309B002F58E1 /* PBXContainerItemProxy */;
		};
/* End PBXTargetDependency section */

/* Begin PBXVariantGroup section */
		6C74E7011BC7309B002F58E1 /* Main.storyboard */ = {
			isa = PBXVariantGroup;
			children = (
				6C74E7021BC7309B002F58E1 /* Base */,
			);
			name = Main.storyboard;
			sourceTree = "<group>";
		};
		6C74E7061BC7309B002F58E1 /* LaunchScreen.storyboard */ = {
			isa = PBXVariantGroup;
			children = (
				6C74E7071BC7309B002F58E1 /* Base */,
			);
			name = LaunchScreen.storyboard;
			sourceTree = "<group>";
		};
/* End PBXVariantGroup section */

/* Begin XCBuildConfiguration section */
		6C74E7201BC7309B002F58E1 /* Debug */ = {
			isa = XCBuildConfiguration;
			buildSettings = {
				ALWAYS_SEARCH_USER_PATHS = NO;
				CLANG_CXX_LANGUAGE_STANDARD = "gnu++0x";
				CLANG_CXX_LIBRARY = "libc++";
				CLANG_ENABLE_MODULES = YES;
				CLANG_ENABLE_OBJC_ARC = YES;
				CLANG_WARN_BOOL_CONVERSION = YES;
				CLANG_WARN_CONSTANT_CONVERSION = YES;
				CLANG_WARN_DIRECT_OBJC_ISA_USAGE = YES_ERROR;
				CLANG_WARN_EMPTY_BODY = YES;
				CLANG_WARN_ENUM_CONVERSION = YES;
				CLANG_WARN_INT_CONVERSION = YES;
				CLANG_WARN_OBJC_ROOT_CLASS = YES_ERROR;
				CLANG_WARN_UNREACHABLE_CODE = YES;
				CLANG_WARN__DUPLICATE_METHOD_MATCH = YES;
				"CODE_SIGN_IDENTITY[sdk=iphoneos*]" = "iPhone Developer";
				COPY_PHASE_STRIP = NO;
				DEBUG_INFORMATION_FORMAT = dwarf;
				ENABLE_STRICT_OBJC_MSGSEND = YES;
				ENABLE_TESTABILITY = YES;
				GCC_C_LANGUAGE_STANDARD = gnu99;
				GCC_DYNAMIC_NO_PIC = NO;
				GCC_NO_COMMON_BLOCKS = YES;
				GCC_OPTIMIZATION_LEVEL = 0;
				GCC_PREPROCESSOR_DEFINITIONS = (
					"DEBUG=1",
					"$(inherited)",
				);
				GCC_WARN_64_TO_32_BIT_CONVERSION = YES;
				GCC_WARN_ABOUT_RETURN_TYPE = YES_ERROR;
				GCC_WARN_UNDECLARED_SELECTOR = YES;
				GCC_WARN_UNINITIALIZED_AUTOS = YES_AGGRESSIVE;
				GCC_WARN_UNUSED_FUNCTION = YES;
				GCC_WARN_UNUSED_VARIABLE = YES;
				IPHONEOS_DEPLOYMENT_TARGET = 9.0;
				MTL_ENABLE_DEBUG_INFO = YES;
				ONLY_ACTIVE_ARCH = YES;
				SDKROOT = iphoneos;
				SWIFT_OPTIMIZATION_LEVEL = "-Onone";
				TARGETED_DEVICE_FAMILY = "1,2";
			};
			name = Debug;
		};
		6C74E7211BC7309B002F58E1 /* Release */ = {
			isa = XCBuildConfiguration;
			buildSettings = {
				ALWAYS_SEARCH_USER_PATHS = NO;
				CLANG_CXX_LANGUAGE_STANDARD = "gnu++0x";
				CLANG_CXX_LIBRARY = "libc++";
				CLANG_ENABLE_MODULES = YES;
				CLANG_ENABLE_OBJC_ARC = YES;
				CLANG_WARN_BOOL_CONVERSION = YES;
				CLANG_WARN_CONSTANT_CONVERSION = YES;
				CLANG_WARN_DIRECT_OBJC_ISA_USAGE = YES_ERROR;
				CLANG_WARN_EMPTY_BODY = YES;
				CLANG_WARN_ENUM_CONVERSION = YES;
				CLANG_WARN_INT_CONVERSION = YES;
				CLANG_WARN_OBJC_ROOT_CLASS = YES_ERROR;
				CLANG_WARN_UNREACHABLE_CODE = YES;
				CLANG_WARN__DUPLICATE_METHOD_MATCH = YES;
				"CODE_SIGN_IDENTITY[sdk=iphoneos*]" = "iPhone Developer";
				COPY_PHASE_STRIP = NO;
				DEBUG_INFORMATION_FORMAT = "dwarf-with-dsym";
				ENABLE_NS_ASSERTIONS = NO;
				ENABLE_STRICT_OBJC_MSGSEND = YES;
				GCC_C_LANGUAGE_STANDARD = gnu99;
				GCC_NO_COMMON_BLOCKS = YES;
				GCC_WARN_64_TO_32_BIT_CONVERSION = YES;
				GCC_WARN_ABOUT_RETURN_TYPE = YES_ERROR;
				GCC_WARN_UNDECLARED_SELECTOR = YES;
				GCC_WARN_UNINITIALIZED_AUTOS = YES_AGGRESSIVE;
				GCC_WARN_UNUSED_FUNCTION = YES;
				GCC_WARN_UNUSED_VARIABLE = YES;
				IPHONEOS_DEPLOYMENT_TARGET = 9.0;
				MTL_ENABLE_DEBUG_INFO = NO;
				SDKROOT = iphoneos;
				TARGETED_DEVICE_FAMILY = "1,2";
				VALIDATE_PRODUCT = YES;
			};
			name = Release;
		};
		6C74E7231BC7309B002F58E1 /* Debug */ = {
			isa = XCBuildConfiguration;
			buildSettings = {
				ASSETCATALOG_COMPILER_APPICON_NAME = AppIcon;
				INFOPLIST_FILE = Photorama/Info.plist;
				LD_RUNPATH_SEARCH_PATHS = "$(inherited) @executable_path/Frameworks";
				PRODUCT_BUNDLE_IDENTIFIER = is.geoff.Photorama;
				PRODUCT_NAME = "$(TARGET_NAME)";
			};
			name = Debug;
		};
		6C74E7241BC7309B002F58E1 /* Release */ = {
			isa = XCBuildConfiguration;
			buildSettings = {
				ASSETCATALOG_COMPILER_APPICON_NAME = AppIcon;
				INFOPLIST_FILE = Photorama/Info.plist;
				LD_RUNPATH_SEARCH_PATHS = "$(inherited) @executable_path/Frameworks";
				PRODUCT_BUNDLE_IDENTIFIER = is.geoff.Photorama;
				PRODUCT_NAME = "$(TARGET_NAME)";
			};
			name = Release;
		};
		6C74E7261BC7309B002F58E1 /* Debug */ = {
			isa = XCBuildConfiguration;
			buildSettings = {
				BUNDLE_LOADER = "$(TEST_HOST)";
				INFOPLIST_FILE = PhotoramaTests/Info.plist;
				LD_RUNPATH_SEARCH_PATHS = "$(inherited) @executable_path/Frameworks @loader_path/Frameworks";
				PRODUCT_BUNDLE_IDENTIFIER = is.geoff.PhotoramaTests;
				PRODUCT_NAME = "$(TARGET_NAME)";
				TEST_HOST = "$(BUILT_PRODUCTS_DIR)/Photorama.app/Photorama";
			};
			name = Debug;
		};
		6C74E7271BC7309B002F58E1 /* Release */ = {
			isa = XCBuildConfiguration;
			buildSettings = {
				BUNDLE_LOADER = "$(TEST_HOST)";
				INFOPLIST_FILE = PhotoramaTests/Info.plist;
				LD_RUNPATH_SEARCH_PATHS = "$(inherited) @executable_path/Frameworks @loader_path/Frameworks";
				PRODUCT_BUNDLE_IDENTIFIER = is.geoff.PhotoramaTests;
				PRODUCT_NAME = "$(TARGET_NAME)";
				TEST_HOST = "$(BUILT_PRODUCTS_DIR)/Photorama.app/Photorama";
			};
			name = Release;
		};
		6C74E7291BC7309B002F58E1 /* Debug */ = {
			isa = XCBuildConfiguration;
			buildSettings = {
				INFOPLIST_FILE = PhotoramaUITests/Info.plist;
				LD_RUNPATH_SEARCH_PATHS = "$(inherited) @executable_path/Frameworks @loader_path/Frameworks";
				PRODUCT_BUNDLE_IDENTIFIER = is.geoff.PhotoramaUITests;
				PRODUCT_NAME = "$(TARGET_NAME)";
				TEST_TARGET_NAME = Photorama;
				USES_XCTRUNNER = YES;
			};
			name = Debug;
		};
		6C74E72A1BC7309B002F58E1 /* Release */ = {
			isa = XCBuildConfiguration;
			buildSettings = {
				INFOPLIST_FILE = PhotoramaUITests/Info.plist;
				LD_RUNPATH_SEARCH_PATHS = "$(inherited) @executable_path/Frameworks @loader_path/Frameworks";
				PRODUCT_BUNDLE_IDENTIFIER = is.geoff.PhotoramaUITests;
				PRODUCT_NAME = "$(TARGET_NAME)";
				TEST_TARGET_NAME = Photorama;
				USES_XCTRUNNER = YES;
			};
			name = Release;
		};
/* End XCBuildConfiguration section */

/* Begin XCConfigurationList section */
		6C74E6F51BC7309B002F58E1 /* Build configuration list for PBXProject "Photorama" */ = {
			isa = XCConfigurationList;
			buildConfigurations = (
				6C74E7201BC7309B002F58E1 /* Debug */,
				6C74E7211BC7309B002F58E1 /* Release */,
			);
			defaultConfigurationIsVisible = 0;
			defaultConfigurationName = Release;
		};
		6C74E7221BC7309B002F58E1 /* Build configuration list for PBXNativeTarget "Photorama" */ = {
			isa = XCConfigurationList;
			buildConfigurations = (
				6C74E7231BC7309B002F58E1 /* Debug */,
				6C74E7241BC7309B002F58E1 /* Release */,
			);
			defaultConfigurationIsVisible = 0;
		};
		6C74E7251BC7309B002F58E1 /* Build configuration list for PBXNativeTarget "PhotoramaTests" */ = {
			isa = XCConfigurationList;
			buildConfigurations = (
				6C74E7261BC7309B002F58E1 /* Debug */,
				6C74E7271BC7309B002F58E1 /* Release */,
			);
			defaultConfigurationIsVisible = 0;
		};
		6C74E7281BC7309B002F58E1 /* Build configuration list for PBXNativeTarget "PhotoramaUITests" */ = {
			isa = XCConfigurationList;
			buildConfigurations = (
				6C74E7291BC7309B002F58E1 /* Debug */,
				6C74E72A1BC7309B002F58E1 /* Release */,
			);
			defaultConfigurationIsVisible = 0;
		};
/* End XCConfigurationList section */
	};
	rootObject = 6C74E6F21BC7309B002F58E1 /* Project object */;
}
